github.com/dlclark/regexp2/v2 v2.5.1 h1:E5Ug7Dh264W1ymdySmiHNcDG7fmsR307APCE5R07a20=
github.com/dlclark/regexp2/v2 v2.5.1/go.mod h1:avUrQvPaLz2DrFNHJF0taWAFFX2C1GMSSoeiqFjcBmU=
github.com/pmezard/go-difflib v1.0.0 h1:4DBwDE0NGyQoBHbLQYPwSUPoCMWR5BEzIk/f1lZbAQM=
github.com/pmezard/go-difflib v1.0.0/go.mod h1:iKH77koFhYxTK1pcRnkKkqfTogsbg7gZNVY4sRDYZ/4=
github.com/tiktoken-go/tokenizer v0.8.1 h1:4obDoB6/dhdBt9xMweX4nww5cjdOq/nYF4ecwPq2+mg=
github.com/tiktoken-go/tokenizer v0.8.1/go.mod h1:eLA0t6nGvn9mDc7gt90qt7pMat+gE9ViqwQ6l9B+tA4=
